
Microsoft Visual Studio Solution File, Format Version 12.00
# Visual Studio 14
VisualStudioVersion = 14.0.25420.1
MinimumVisualStudioVersion = 10.0.40219.1
Project("{8BC9CEB8-8B4A-11D0-8D11-00A0C91BC942}") = "RedirectPlugin", "RedirectPlugin\RedirectPlugin.vcxproj", "{6E6E9AB3-E857-4949-A937-71A71E5B6631}"
EndProject
Project("{8BC9CEB8-8B4A-11D0-8D11-00A0C91BC942}") = "DribblePlugin", "DribblePlugin\DribblePlugin.vcxproj", "{1B881774-3034-4CCA-81CD-341CE7285129}"
EndProject
Project("{8BC9CEB8-8B4A-11D0-8D11-00A0C91BC942}") = "ReboundPlugin", "ReboundPlugin\ReboundPlugin.vcxproj", "{157AF0E5-4E76-4EC3-9013-3A1A877CACF2}"
EndProject
Project("{8BC9CEB8-8B4A-11D0-8D11-00A0C91BC942}") = "PythonProject", "PythonProject\PythonProject.vcxproj", "{970BE6EE-7BB7-4DC0-97F2-62DB652ECE44}"
EndProject
Project("{8BC9CEB8-8B4A-11D0-8D11-00A0C91BC942}") = "DefenderPlugin", "DefenderPlugin\DefenderPlugin.vcxproj", "{FFBE4144-C3E7-4C99-B41A-17133EB1021B}"
EndProject
Project("{8BC9CEB8-8B4A-11D0-8D11-00A0C91BC942}") = "RCONPlugin", "RCONPlugin\RCONPlugin.vcxproj", "{941F9C37-B70F-4EB5-A834-7F2562574395}"
EndProject
Project("{8BC9CEB8-8B4A-11D0-8D11-00A0C91BC942}") = "WorkshopPlugin", "WorkshopPlugin\WorkshopPlugin.vcxproj", "{7099E67C-1CEA-4068-A0D7-B2DD33B7A016}"
EndProject
Project("{8BC9CEB8-8B4A-11D0-8D11-00A0C91BC942}") = "TrainingPlugin", "TrainingPlugin\TrainingPlugin.vcxproj", "{24E28F5D-B79A-493E-B7FB-13307A0598A9}"
EndProject
Project("{8BC9CEB8-8B4A-11D0-8D11-00A0C91BC942}") = "MechanicalPlugin", "MechanicalPlugin\MechanicalPlugin.vcxproj", "{9A22D5CD-1070-40E1-88AA-05B699BEABDC}"
EndProject
Global
	GlobalSection(SolutionConfigurationPlatforms) = preSolution
		Debug|x64 = Debug|x64
		Debug|x86 = Debug|x86
		Release|x64 = Release|x64
		Release|x86 = Release|x86
	EndGlobalSection
	GlobalSection(ProjectConfigurationPlatforms) = postSolution
		{6E6E9AB3-E857-4949-A937-71A71E5B6631}.Debug|x64.ActiveCfg = Debug|x64
		{6E6E9AB3-E857-4949-A937-71A71E5B6631}.Debug|x64.Build.0 = Debug|x64
		{6E6E9AB3-E857-4949-A937-71A71E5B6631}.Debug|x86.ActiveCfg = Debug|Win32
		{6E6E9AB3-E857-4949-A937-71A71E5B6631}.Debug|x86.Build.0 = Debug|Win32
		{6E6E9AB3-E857-4949-A937-71A71E5B6631}.Release|x64.ActiveCfg = Release|x64
		{6E6E9AB3-E857-4949-A937-71A71E5B6631}.Release|x64.Build.0 = Release|x64
		{6E6E9AB3-E857-4949-A937-71A71E5B6631}.Release|x86.ActiveCfg = Release|Win32
		{6E6E9AB3-E857-4949-A937-71A71E5B6631}.Release|x86.Build.0 = Release|Win32
		{1B881774-3034-4CCA-81CD-341CE7285129}.Debug|x64.ActiveCfg = Debug|x64
		{1B881774-3034-4CCA-81CD-341CE7285129}.Debug|x64.Build.0 = Debug|x64
		{1B881774-3034-4CCA-81CD-341CE7285129}.Debug|x86.ActiveCfg = Debug|Win32
		{1B881774-3034-4CCA-81CD-341CE7285129}.Debug|x86.Build.0 = Debug|Win32
		{1B881774-3034-4CCA-81CD-341CE7285129}.Release|x64.ActiveCfg = Release|x64
		{1B881774-3034-4CCA-81CD-341CE7285129}.Release|x64.Build.0 = Release|x64
		{1B881774-3034-4CCA-81CD-341CE7285129}.Release|x86.ActiveCfg = Release|Win32
		{1B881774-3034-4CCA-81CD-341CE7285129}.Release|x86.Build.0 = Release|Win32
		{157AF0E5-4E76-4EC3-9013-3A1A877CACF2}.Debug|x64.ActiveCfg = Debug|x64
		{157AF0E5-4E76-4EC3-9013-3A1A877CACF2}.Debug|x64.Build.0 = Debug|x64
		{157AF0E5-4E76-4EC3-9013-3A1A877CACF2}.Debug|x86.ActiveCfg = Debug|Win32
		{157AF0E5-4E76-4EC3-9013-3A1A877CACF2}.Debug|x86.Build.0 = Debug|Win32
		{157AF0E5-4E76-4EC3-9013-3A1A877CACF2}.Release|x64.ActiveCfg = Release|x64
		{157AF0E5-4E76-4EC3-9013-3A1A877CACF2}.Release|x64.Build.0 = Release|x64
		{157AF0E5-4E76-4EC3-9013-3A1A877CACF2}.Release|x86.ActiveCfg = Release|Win32
		{157AF0E5-4E76-4EC3-9013-3A1A877CACF2}.Release|x86.Build.0 = Release|Win32
		{970BE6EE-7BB7-4DC0-97F2-62DB652ECE44}.Debug|x64.ActiveCfg = Debug|x64
		{970BE6EE-7BB7-4DC0-97F2-62DB652ECE44}.Debug|x64.Build.0 = Debug|x64
		{970BE6EE-7BB7-4DC0-97F2-62DB652ECE44}.Debug|x86.ActiveCfg = Debug|Win32
		{970BE6EE-7BB7-4DC0-97F2-62DB652ECE44}.Debug|x86.Build.0 = Debug|Win32
		{970BE6EE-7BB7-4DC0-97F2-62DB652ECE44}.Release|x64.ActiveCfg = Release|x64
		{970BE6EE-7BB7-4DC0-97F2-62DB652ECE44}.Release|x64.Build.0 = Release|x64
		{970BE6EE-7BB7-4DC0-97F2-62DB652ECE44}.Release|x86.ActiveCfg = Release|Win32
		{970BE6EE-7BB7-4DC0-97F2-62DB652ECE44}.Release|x86.Build.0 = Release|Win32
		{FFBE4144-C3E7-4C99-B41A-17133EB1021B}.Debug|x64.ActiveCfg = Debug|x64
		{FFBE4144-C3E7-4C99-B41A-17133EB1021B}.Debug|x64.Build.0 = Debug|x64
		{FFBE4144-C3E7-4C99-B41A-17133EB1021B}.Debug|x86.ActiveCfg = Debug|Win32
		{FFBE4144-C3E7-4C99-B41A-17133EB1021B}.Debug|x86.Build.0 = Debug|Win32
		{FFBE4144-C3E7-4C99-B41A-17133EB1021B}.Release|x64.ActiveCfg = Release|x64
		{FFBE4144-C3E7-4C99-B41A-17133EB1021B}.Release|x64.Build.0 = Release|x64
		{FFBE4144-C3E7-4C99-B41A-17133EB1021B}.Release|x86.ActiveCfg = Release|Win32
		{FFBE4144-C3E7-4C99-B41A-17133EB1021B}.Release|x86.Build.0 = Release|Win32
		{941F9C37-B70F-4EB5-A834-7F2562574395}.Debug|x64.ActiveCfg = Debug|x64
		{941F9C37-B70F-4EB5-A834-7F2562574395}.Debug|x64.Build.0 = Debug|x64
		{941F9C37-B70F-4EB5-A834-7F2562574395}.Debug|x86.ActiveCfg = Debug|Win32
		{941F9C37-B70F-4EB5-A834-7F2562574395}.Debug|x86.Build.0 = Debug|Win32
		{941F9C37-B70F-4EB5-A834-7F2562574395}.Release|x64.ActiveCfg = Release|x64
		{941F9C37-B70F-4EB5-A834-7F2562574395}.Release|x64.Build.0 = Release|x64
		{941F9C37-B70F-4EB5-A834-7F2562574395}.Release|x86.ActiveCfg = Release|Win32
		{941F9C37-B70F-4EB5-A834-7F2562574395}.Release|x86.Build.0 = Release|Win32
		{7099E67C-1CEA-4068-A0D7-B2DD33B7A016}.Debug|x64.ActiveCfg = Debug|x64
		{7099E67C-1CEA-4068-A0D7-B2DD33B7A016}.Debug|x64.Build.0 = Debug|x64
		{7099E67C-1CEA-4068-A0D7-B2DD33B7A016}.Debug|x86.ActiveCfg = Debug|Win32
		{7099E67C-1CEA-4068-A0D7-B2DD33B7A016}.Debug|x86.Build.0 = Debug|Win32
		{7099E67C-1CEA-4068-A0D7-B2DD33B7A016}.Release|x64.ActiveCfg = Release|x64
		{7099E67C-1CEA-4068-A0D7-B2DD33B7A016}.Release|x64.Build.0 = Release|x64
		{7099E67C-1CEA-4068-A0D7-B2DD33B7A016}.Release|x86.ActiveCfg = Release|Win32
		{7099E67C-1CEA-4068-A0D7-B2DD33B7A016}.Release|x86.Build.0 = Release|Win32
		{24E28F5D-B79A-493E-B7FB-13307A0598A9}.Debug|x64.ActiveCfg = Debug|x64
		{24E28F5D-B79A-493E-B7FB-13307A0598A9}.Debug|x64.Build.0 = Debug|x64
		{24E28F5D-B79A-493E-B7FB-13307A0598A9}.Debug|x86.ActiveCfg = Debug|Win32
		{24E28F5D-B79A-493E-B7FB-13307A0598A9}.Debug|x86.Build.0 = Debug|Win32
		{24E28F5D-B79A-493E-B7FB-13307A0598A9}.Release|x64.ActiveCfg = Release|x64
		{24E28F5D-B79A-493E-B7FB-13307A0598A9}.Release|x64.Build.0 = Release|x64
		{24E28F5D-B79A-493E-B7FB-13307A0598A9}.Release|x86.ActiveCfg = Release|Win32
		{24E28F5D-B79A-493E-B7FB-13307A0598A9}.Release|x86.Build.0 = Release|Win32
		{9A22D5CD-1070-40E1-88AA-05B699BEABDC}.Debug|x64.ActiveCfg = Debug|x64
		{9A22D5CD-1070-40E1-88AA-05B699BEABDC}.Debug|x64.Build.0 = Debug|x64
		{9A22D5CD-1070-40E1-88AA-05B699BEABDC}.Debug|x86.ActiveCfg = Debug|Win32
		{9A22D5CD-1070-40E1-88AA-05B699BEABDC}.Debug|x86.Build.0 = Debug|Win32
		{9A22D5CD-1070-40E1-88AA-05B699BEABDC}.Release|x64.ActiveCfg = Release|x64
		{9A22D5CD-1070-40E1-88AA-05B699BEABDC}.Release|x64.Build.0 = Release|x64
		{9A22D5CD-1070-40E1-88AA-05B699BEABDC}.Release|x86.ActiveCfg = Release|Win32
		{9A22D5CD-1070-40E1-88AA-05B699BEABDC}.Release|x86.Build.0 = Release|Win32
	EndGlobalSection
	GlobalSection(SolutionProperties) = preSolution
		HideSolutionNode = FALSE
	EndGlobalSection
EndGlobal
